
Microsoft Visual Studio Solution File, Format Version 12.00
# Visual Studio Version 16
VisualStudioVersion = 25.0.1704.2
MinimumVisualStudioVersion = 10.0.40219.1
Project("{FAE04EC0-301F-11D3-BF4B-00C04F79EFBC}") = "Core", "Core\Core.csproj", "{9B8650C2-E701-4547-8131-7191645EC337}"
EndProject
Project("{FAE04EC0-301F-11D3-BF4B-00C04F79EFBC}") = "Data", "Data\Data.csproj", "{70F62808-DD20-4A64-B1CE-C12D063418EA}"
EndProject
Project("{FAE04EC0-301F-11D3-BF4B-00C04F79EFBC}") = "Presentation", "Presentation\Presentation.csproj", "{08AD1749-298C-4199-AFB0-2A3CD5D34DE9}"
EndProject
Global
	GlobalSection(SolutionConfigurationPlatforms) = preSolution
		Debug|Any CPU = Debug|Any CPU
		Release|Any CPU = Release|Any CPU
	EndGlobalSection
	GlobalSection(ProjectConfigurationPlatforms) = postSolution
		{9B8650C2-E701-4547-8131-7191645EC337}.Debug|Any CPU.ActiveCfg = Debug|Any CPU
		{9B8650C2-E701-4547-8131-7191645EC337}.Debug|Any CPU.Build.0 = Debug|Any CPU
		{9B8650C2-E701-4547-8131-7191645EC337}.Release|Any CPU.ActiveCfg = Release|Any CPU
		{9B8650C2-E701-4547-8131-7191645EC337}.Release|Any CPU.Build.0 = Release|Any CPU
		{70F62808-DD20-4A64-B1CE-C12D063418EA}.Debug|Any CPU.ActiveCfg = Debug|Any CPU
		{70F62808-DD20-4A64-B1CE-C12D063418EA}.Debug|Any CPU.Build.0 = Debug|Any CPU
		{70F62808-DD20-4A64-B1CE-C12D063418EA}.Release|Any CPU.ActiveCfg = Release|Any CPU
		{70F62808-DD20-4A64-B1CE-C12D063418EA}.Release|Any CPU.Build.0 = Release|Any CPU
		{08AD1749-298C-4199-AFB0-2A3CD5D34DE9}.Debug|Any CPU.ActiveCfg = Debug|Any CPU
		{08AD1749-298C-4199-AFB0-2A3CD5D34DE9}.Debug|Any CPU.Build.0 = Debug|Any CPU
		{08AD1749-298C-4199-AFB0-2A3CD5D34DE9}.Release|Any CPU.ActiveCfg = Release|Any CPU
		{08AD1749-298C-4199-AFB0-2A3CD5D34DE9}.Release|Any CPU.Build.0 = Release|Any CPU
	EndGlobalSection
	GlobalSection(SolutionProperties) = preSolution
		HideSolutionNode = FALSE
	EndGlobalSection
	GlobalSection(ExtensibilityGlobals) = postSolution
		SolutionGuid = {7599226E-17CF-4DCC-9426-B58E58C5F878}
	EndGlobalSection
EndGlobal
